// !$*UTF8*$!
{
	archiveVersion = 1;
	classes = {
	};
	objectVersion = 55;
	objects = {

/* Begin PBXBuildFile section */
		D13A276F2887AEEF003310F9 /* AppDelegate.m in Sources */ = {isa = PBXBuildFile; fileRef = D13A276E2887AEEF003310F9 /* AppDelegate.m */; };
		D13A27722887AEEF003310F9 /* SceneDelegate.m in Sources */ = {isa = PBXBuildFile; fileRef = D13A27712887AEEF003310F9 /* SceneDelegate.m */; };
		D13A27752887AEEF003310F9 /* ViewController.m in Sources */ = {isa = PBXBuildFile; fileRef = D13A27742887AEEF003310F9 /* ViewController.m */; };
		D13A27782887AEEF003310F9 /* Main.storyboard in Resources */ = {isa = PBXBuildFile; fileRef = D13A27762887AEEF003310F9 /* Main.storyboard */; };
		D13A277A2887AEF0003310F9 /* Assets.xcassets in Resources */ = {isa = PBXBuildFile; fileRef = D13A27792887AEF0003310F9 /* Assets.xcassets */; };
		D13A277D2887AEF0003310F9 /* LaunchScreen.storyboard in Resources */ = {isa = PBXBuildFile; fileRef = D13A277B2887AEF0003310F9 /* LaunchScreen.storyboard */; };
		D13A27802887AEF0003310F9 /* main.m in Sources */ = {isa = PBXBuildFile; fileRef = D13A277F2887AEF0003310F9 /* main.m */; };
		D16B7DD52888DE0B00463DB9 /* MutexDemo.m in Sources */ = {isa = PBXBuildFile; fileRef = D16B7DD32888DE0B00463DB9 /* MutexDemo.m */; };
		D16B7DD62888DE0B00463DB9 /* SerialQueueDemo.m in Sources */ = {isa = PBXBuildFile; fileRef = D16B7DBF2888DE0A00463DB9 /* SerialQueueDemo.m */; };
		D16B7DD72888DE0B00463DB9 /* NSLockDemo.m in Sources */ = {isa = PBXBuildFile; fileRef = D16B7DC82888DE0A00463DB9 /* NSLockDemo.m */; };
		D16B7DD82888DE0B00463DB9 /* NSConditionDemo.m in Sources */ = {isa = PBXBuildFile; fileRef = D16B7DC22888DE0A00463DB9 /* NSConditionDemo.m */; };
		D16B7DD92888DE0B00463DB9 /* NSConditionLockDemo.m in Sources */ = {isa = PBXBuildFile; fileRef = D16B7DCF2888DE0B00463DB9 /* NSConditionLockDemo.m */; };
		D16B7DDA2888DE0B00463DB9 /* SynchronizedDemo.m in Sources */ = {isa = PBXBuildFile; fileRef = D16B7DC42888DE0A00463DB9 /* SynchronizedDemo.m */; };
		D16B7DDB2888DE0B00463DB9 /* OSSpinLockDemo.m in Sources */ = {isa = PBXBuildFile; fileRef = D16B7DD02888DE0B00463DB9 /* OSSpinLockDemo.m */; };
		D16B7DDC2888DE0B00463DB9 /* OSUnfairLockDemo.m in Sources */ = {isa = PBXBuildFile; fileRef = D16B7DC32888DE0A00463DB9 /* OSUnfairLockDemo.m */; };
		D16B7DDD2888DE0B00463DB9 /* MutexDemo2.m in Sources */ = {isa = PBXBuildFile; fileRef = D16B7DD22888DE0B00463DB9 /* MutexDemo2.m */; };
		D16B7DDE2888DE0B00463DB9 /* SBaseDemo.m in Sources */ = {isa = PBXBuildFile; fileRef = D16B7DBB2888DE0A00463DB9 /* SBaseDemo.m */; };
		D16B7DDF2888DE0B00463DB9 /* SemaphoreDemo.m in Sources */ = {isa = PBXBuildFile; fileRef = D16B7DCD2888DE0B00463DB9 /* SemaphoreDemo.m */; };
		D16B7DE02888DE0B00463DB9 /* MutexDemo3.m in Sources */ = {isa = PBXBuildFile; fileRef = D16B7DBA2888DE0A00463DB9 /* MutexDemo3.m */; };
		D16B7DE12888DE0B00463DB9 /* OSSPinLockDemo2.m in Sources */ = {isa = PBXBuildFile; fileRef = D16B7DD42888DE0B00463DB9 /* OSSPinLockDemo2.m */; };
		D16B7DE22888DE0B00463DB9 /* MutexDemo4.m in Sources */ = {isa = PBXBuildFile; fileRef = D16B7DBD2888DE0A00463DB9 /* MutexDemo4.m */; };
		D1AE04BE28893A7800624896 /* GroupQueue.m in Sources */ = {isa = PBXBuildFile; fileRef = D1AE04BD28893A7800624896 /* GroupQueue.m */; };
/* End PBXBuildFile section */

/* Begin PBXFileReference section */
		D13A276A2887AEEF003310F9 /* GCD.app */ = {isa = PBXFileReference; explicitFileType = wrapper.application; includeInIndex = 0; path = GCD.app; sourceTree = BUILT_PRODUCTS_DIR; };
		D13A276D2887AEEF003310F9 /* AppDelegate.h */ = {isa = PBXFileReference; lastKnownFileType = sourcecode.c.h; path = AppDelegate.h; sourceTree = "<group>"; };
		D13A276E2887AEEF003310F9 /* AppDelegate.m */ = {isa = PBXFileReference; lastKnownFileType = sourcecode.c.objc; path = AppDelegate.m; sourceTree = "<group>"; };
		D13A27702887AEEF003310F9 /* SceneDelegate.h */ = {isa = PBXFileReference; lastKnownFileType = sourcecode.c.h; path = SceneDelegate.h; sourceTree = "<group>"; };
		D13A27712887AEEF003310F9 /* SceneDelegate.m */ = {isa = PBXFileReference; lastKnownFileType = sourcecode.c.objc; path = SceneDelegate.m; sourceTree = "<group>"; };
		D13A27732887AEEF003310F9 /* ViewController.h */ = {isa = PBXFileReference; lastKnownFileType = sourcecode.c.h; path = ViewController.h; sourceTree = "<group>"; };
		D13A27742887AEEF003310F9 /* ViewController.m */ = {isa = PBXFileReference; lastKnownFileType = sourcecode.c.objc; path = ViewController.m; sourceTree = "<group>"; };
		D13A27772887AEEF003310F9 /* Base */ = {isa = PBXFileReference; lastKnownFileType = file.storyboard; name = Base; path = Base.lproj/Main.storyboard; sourceTree = "<group>"; };
		D13A27792887AEF0003310F9 /* Assets.xcassets */ = {isa = PBXFileReference; lastKnownFileType = folder.assetcatalog; path = Assets.xcassets; sourceTree = "<group>"; };
		D13A277C2887AEF0003310F9 /* Base */ = {isa = PBXFileReference; lastKnownFileType = file.storyboard; name = Base; path = Base.lproj/LaunchScreen.storyboard; sourceTree = "<group>"; };
		D13A277E2887AEF0003310F9 /* Info.plist */ = {isa = PBXFileReference; lastKnownFileType = text.plist.xml; path = Info.plist; sourceTree = "<group>"; };
		D13A277F2887AEF0003310F9 /* main.m */ = {isa = PBXFileReference; lastKnownFileType = sourcecode.c.objc; path = main.m; sourceTree = "<group>"; };
		D16B7DB92888DE0A00463DB9 /* SynchronizedDemo.h */ = {isa = PBXFileReference; lastKnownFileType = sourcecode.c.h; path = SynchronizedDemo.h; sourceTree = "<group>"; };
		D16B7DBA2888DE0A00463DB9 /* MutexDemo3.m */ = {isa = PBXFileReference; lastKnownFileType = sourcecode.c.objc; path = MutexDemo3.m; sourceTree = "<group>"; };
		D16B7DBB2888DE0A00463DB9 /* SBaseDemo.m */ = {isa = PBXFileReference; lastKnownFileType = sourcecode.c.objc; path = SBaseDemo.m; sourceTree = "<group>"; };
		D16B7DBC2888DE0A00463DB9 /* OSSPinLockDemo2.h */ = {isa = PBXFileReference; lastKnownFileType = sourcecode.c.h; path = OSSPinLockDemo2.h; sourceTree = "<group>"; };
		D16B7DBD2888DE0A00463DB9 /* MutexDemo4.m */ = {isa = PBXFileReference; lastKnownFileType = sourcecode.c.objc; path = MutexDemo4.m; sourceTree = "<group>"; };
		D16B7DBE2888DE0A00463DB9 /* SerialQueueDemo.h */ = {isa = PBXFileReference; lastKnownFileType = sourcecode.c.h; path = SerialQueueDemo.h; sourceTree = "<group>"; };
		D16B7DBF2888DE0A00463DB9 /* SerialQueueDemo.m */ = {isa = PBXFileReference; lastKnownFileType = sourcecode.c.objc; path = SerialQueueDemo.m; sourceTree = "<group>"; };
		D16B7DC02888DE0A00463DB9 /* OSSpinLockDemo.h */ = {isa = PBXFileReference; lastKnownFileType = sourcecode.c.h; path = OSSpinLockDemo.h; sourceTree = "<group>"; };
		D16B7DC12888DE0A00463DB9 /* OSUnfairLockDemo.h */ = {isa = PBXFileReference; lastKnownFileType = sourcecode.c.h; path = OSUnfairLockDemo.h; sourceTree = "<group>"; };
		D16B7DC22888DE0A00463DB9 /* NSConditionDemo.m */ = {isa = PBXFileReference; lastKnownFileType = sourcecode.c.objc; path = NSConditionDemo.m; sourceTree = "<group>"; };
		D16B7DC32888DE0A00463DB9 /* OSUnfairLockDemo.m */ = {isa = PBXFileReference; lastKnownFileType = sourcecode.c.objc; path = OSUnfairLockDemo.m; sourceTree = "<group>"; };
		D16B7DC42888DE0A00463DB9 /* SynchronizedDemo.m */ = {isa = PBXFileReference; lastKnownFileType = sourcecode.c.objc; path = SynchronizedDemo.m; sourceTree = "<group>"; };
		D16B7DC52888DE0A00463DB9 /* NSConditionLockDemo.h */ = {isa = PBXFileReference; lastKnownFileType = sourcecode.c.h; path = NSConditionLockDemo.h; sourceTree = "<group>"; };
		D16B7DC62888DE0A00463DB9 /* NSLockDemo.h */ = {isa = PBXFileReference; lastKnownFileType = sourcecode.c.h; path = NSLockDemo.h; sourceTree = "<group>"; };
		D16B7DC72888DE0A00463DB9 /* MutexDemo.h */ = {isa = PBXFileReference; lastKnownFileType = sourcecode.c.h; path = MutexDemo.h; sourceTree = "<group>"; };
		D16B7DC82888DE0A00463DB9 /* NSLockDemo.m */ = {isa = PBXFileReference; lastKnownFileType = sourcecode.c.objc; path = NSLockDemo.m; sourceTree = "<group>"; };
		D16B7DC92888DE0B00463DB9 /* NSConditionDemo.h */ = {isa = PBXFileReference; lastKnownFileType = sourcecode.c.h; path = NSConditionDemo.h; sourceTree = "<group>"; };
		D16B7DCA2888DE0B00463DB9 /* MutexDemo3.h */ = {isa = PBXFileReference; lastKnownFileType = sourcecode.c.h; path = MutexDemo3.h; sourceTree = "<group>"; };
		D16B7DCB2888DE0B00463DB9 /* SBaseDemo.h */ = {isa = PBXFileReference; lastKnownFileType = sourcecode.c.h; path = SBaseDemo.h; sourceTree = "<group>"; };
		D16B7DCC2888DE0B00463DB9 /* MutexDemo4.h */ = {isa = PBXFileReference; lastKnownFileType = sourcecode.c.h; path = MutexDemo4.h; sourceTree = "<group>"; };
		D16B7DCD2888DE0B00463DB9 /* SemaphoreDemo.m */ = {isa = PBXFileReference; lastKnownFileType = sourcecode.c.objc; path = SemaphoreDemo.m; sourceTree = "<group>"; };
		D16B7DCE2888DE0B00463DB9 /* MutexDemo2.h */ = {isa = PBXFileReference; lastKnownFileType = sourcecode.c.h; path = MutexDemo2.h; sourceTree = "<group>"; };
		D16B7DCF2888DE0B00463DB9 /* NSConditionLockDemo.m */ = {isa = PBXFileReference; lastKnownFileType = sourcecode.c.objc; path = NSConditionLockDemo.m; sourceTree = "<group>"; };
		D16B7DD02888DE0B00463DB9 /* OSSpinLockDemo.m */ = {isa = PBXFileReference; lastKnownFileType = sourcecode.c.objc; path = OSSpinLockDemo.m; sourceTree = "<group>"; };
		D16B7DD12888DE0B00463DB9 /* SemaphoreDemo.h */ = {isa = PBXFileReference; lastKnownFileType = sourcecode.c.h; path = SemaphoreDemo.h; sourceTree = "<group>"; };
		D16B7DD22888DE0B00463DB9 /* MutexDemo2.m */ = {isa = PBXFileReference; lastKnownFileType = sourcecode.c.objc; path = MutexDemo2.m; sourceTree = "<group>"; };
		D16B7DD32888DE0B00463DB9 /* MutexDemo.m */ = {isa = PBXFileReference; lastKnownFileType = sourcecode.c.objc; path = MutexDemo.m; sourceTree = "<group>"; };
		D16B7DD42888DE0B00463DB9 /* OSSPinLockDemo2.m */ = {isa = PBXFileReference; lastKnownFileType = sourcecode.c.objc; path = OSSPinLockDemo2.m; sourceTree = "<group>"; };
		D1AE04BC28893A7800624896 /* GroupQueue.h */ = {isa = PBXFileReference; lastKnownFileType = sourcecode.c.h; path = GroupQueue.h; sourceTree = "<group>"; };
		D1AE04BD28893A7800624896 /* GroupQueue.m */ = {isa = PBXFileReference; lastKnownFileType = sourcecode.c.objc; path = GroupQueue.m; sourceTree = "<group>"; };
/* End PBXFileReference section */

/* Begin PBXFrameworksBuildPhase section */
		D13A27672887AEEF003310F9 /* Frameworks */ = {
			isa = PBXFrameworksBuildPhase;
			buildActionMask = 2147483647;
			files = (
			);
			runOnlyForDeploymentPostprocessing = 0;
		};
/* End PBXFrameworksBuildPhase section */

/* Begin PBXGroup section */
		D13A27612887AEEF003310F9 = {
			isa = PBXGroup;
			children = (
				D13A276C2887AEEF003310F9 /* GCD */,
				D13A276B2887AEEF003310F9 /* Products */,
			);
			sourceTree = "<group>";
		};
		D13A276B2887AEEF003310F9 /* Products */ = {
			isa = PBXGroup;
			children = (
				D13A276A2887AEEF003310F9 /* GCD.app */,
			);
			name = Products;
			sourceTree = "<group>";
		};
		D13A276C2887AEEF003310F9 /* GCD */ = {
			isa = PBXGroup;
			children = (
				D1AE04BB28893A5E00624896 /* group */,
				D16B7DC72888DE0A00463DB9 /* MutexDemo.h */,
				D16B7DD32888DE0B00463DB9 /* MutexDemo.m */,
				D16B7DCE2888DE0B00463DB9 /* MutexDemo2.h */,
				D16B7DD22888DE0B00463DB9 /* MutexDemo2.m */,
				D16B7DCA2888DE0B00463DB9 /* MutexDemo3.h */,
				D16B7DBA2888DE0A00463DB9 /* MutexDemo3.m */,
				D16B7DCC2888DE0B00463DB9 /* MutexDemo4.h */,
				D16B7DBD2888DE0A00463DB9 /* MutexDemo4.m */,
				D16B7DC92888DE0B00463DB9 /* NSConditionDemo.h */,
				D16B7DC22888DE0A00463DB9 /* NSConditionDemo.m */,
				D16B7DC52888DE0A00463DB9 /* NSConditionLockDemo.h */,
				D16B7DCF2888DE0B00463DB9 /* NSConditionLockDemo.m */,
				D16B7DC62888DE0A00463DB9 /* NSLockDemo.h */,
				D16B7DC82888DE0A00463DB9 /* NSLockDemo.m */,
				D16B7DC02888DE0A00463DB9 /* OSSpinLockDemo.h */,
				D16B7DD02888DE0B00463DB9 /* OSSpinLockDemo.m */,
				D16B7DBC2888DE0A00463DB9 /* OSSPinLockDemo2.h */,
				D16B7DD42888DE0B00463DB9 /* OSSPinLockDemo2.m */,
				D16B7DC12888DE0A00463DB9 /* OSUnfairLockDemo.h */,
				D16B7DC32888DE0A00463DB9 /* OSUnfairLockDemo.m */,
				D16B7DCB2888DE0B00463DB9 /* SBaseDemo.h */,
				D16B7DBB2888DE0A00463DB9 /* SBaseDemo.m */,
				D16B7DD12888DE0B00463DB9 /* SemaphoreDemo.h */,
				D16B7DCD2888DE0B00463DB9 /* SemaphoreDemo.m */,
				D16B7DBE2888DE0A00463DB9 /* SerialQueueDemo.h */,
				D16B7DBF2888DE0A00463DB9 /* SerialQueueDemo.m */,
				D16B7DB92888DE0A00463DB9 /* SynchronizedDemo.h */,
				D16B7DC42888DE0A00463DB9 /* SynchronizedDemo.m */,
				D13A276D2887AEEF003310F9 /* AppDelegate.h */,
				D13A276E2887AEEF003310F9 /* AppDelegate.m */,
				D13A27702887AEEF003310F9 /* SceneDelegate.h */,
				D13A27712887AEEF003310F9 /* SceneDelegate.m */,
				D13A27732887AEEF003310F9 /* ViewController.h */,
				D13A27742887AEEF003310F9 /* ViewController.m */,
				D13A27762887AEEF003310F9 /* Main.storyboard */,
				D13A27792887AEF0003310F9 /* Assets.xcassets */,
				D13A277B2887AEF0003310F9 /* LaunchScreen.storyboard */,
				D13A277E2887AEF0003310F9 /* Info.plist */,
				D13A277F2887AEF0003310F9 /* main.m */,
			);
			path = GCD;
			sourceTree = "<group>";
		};
		D1AE04BB28893A5E00624896 /* group */ = {
			isa = PBXGroup;
			children = (
				D1AE04BC28893A7800624896 /* GroupQueue.h */,
				D1AE04BD28893A7800624896 /* GroupQueue.m */,
			);
			path = group;
			sourceTree = "<group>";
		};
/* End PBXGroup section */

/* Begin PBXNativeTarget section */
		D13A27692887AEEF003310F9 /* GCD */ = {
			isa = PBXNativeTarget;
			buildConfigurationList = D13A27832887AEF0003310F9 /* Build configuration list for PBXNativeTarget "GCD" */;
			buildPhases = (
				D13A27662887AEEF003310F9 /* Sources */,
				D13A27672887AEEF003310F9 /* Frameworks */,
				D13A27682887AEEF003310F9 /* Resources */,
			);
			buildRules = (
			);
			dependencies = (
			);
			name = GCD;
			productName = GCD;
			productReference = D13A276A2887AEEF003310F9 /* GCD.app */;
			productType = "com.apple.product-type.application";
		};
/* End PBXNativeTarget section */

/* Begin PBXProject section */
		D13A27622887AEEF003310F9 /* Project object */ = {
			isa = PBXProject;
			attributes = {
				BuildIndependentTargetsInParallel = 1;
				LastUpgradeCheck = 1330;
				TargetAttributes = {
					D13A27692887AEEF003310F9 = {
						CreatedOnToolsVersion = 13.3;
					};
				};
			};
			buildConfigurationList = D13A27652887AEEF003310F9 /* Build configuration list for PBXProject "GCD" */;
			compatibilityVersion = "Xcode 13.0";
			developmentRegion = en;
			hasScannedForEncodings = 0;
			knownRegions = (
				en,
				Base,
			);
			mainGroup = D13A27612887AEEF003310F9;
			productRefGroup = D13A276B2887AEEF003310F9 /* Products */;
			projectDirPath = "";
			projectRoot = "";
			targets = (
				D13A27692887AEEF003310F9 /* GCD */,
			);
		};
/* End PBXProject section */

/* Begin PBXResourcesBuildPhase section */
		D13A27682887AEEF003310F9 /* Resources */ = {
			isa = PBXResourcesBuildPhase;
			buildActionMask = 2147483647;
			files = (
				D13A277D2887AEF0003310F9 /* LaunchScreen.storyboard in Resources */,
				D13A277A2887AEF0003310F9 /* Assets.xcassets in Resources */,
				D13A27782887AEEF003310F9 /* Main.storyboard in Resources */,
			);
			runOnlyForDeploymentPostprocessing = 0;
		};
/* End PBXResourcesBuildPhase section */

/* Begin PBXSourcesBuildPhase section */
		D13A27662887AEEF003310F9 /* Sources */ = {
			isa = PBXSourcesBuildPhase;
			buildActionMask = 2147483647;
			files = (
				D16B7DE12888DE0B00463DB9 /* OSSPinLockDemo2.m in Sources */,
				D16B7DE22888DE0B00463DB9 /* MutexDemo4.m in Sources */,
				D16B7DD92888DE0B00463DB9 /* NSConditionLockDemo.m in Sources */,
				D16B7DD62888DE0B00463DB9 /* SerialQueueDemo.m in Sources */,
				D16B7DDF2888DE0B00463DB9 /* SemaphoreDemo.m in Sources */,
				D16B7DE02888DE0B00463DB9 /* MutexDemo3.m in Sources */,
				D13A27752887AEEF003310F9 /* ViewController.m in Sources */,
				D16B7DDC2888DE0B00463DB9 /* OSUnfairLockDemo.m in Sources */,
				D16B7DD52888DE0B00463DB9 /* MutexDemo.m in Sources */,
				D16B7DDB2888DE0B00463DB9 /* OSSpinLockDemo.m in Sources */,
				D13A276F2887AEEF003310F9 /* AppDelegate.m in Sources */,
				D13A27802887AEF0003310F9 /* main.m in Sources */,
				D16B7DD72888DE0B00463DB9 /* NSLockDemo.m in Sources */,
				D16B7DDA2888DE0B00463DB9 /* SynchronizedDemo.m in Sources */,
				D13A27722887AEEF003310F9 /* SceneDelegate.m in Sources */,
				D1AE04BE28893A7800624896 /* GroupQueue.m in Sources */,
				D16B7DD82888DE0B00463DB9 /* NSConditionDemo.m in Sources */,
				D16B7DDD2888DE0B00463DB9 /* MutexDemo2.m in Sources */,
				D16B7DDE2888DE0B00463DB9 /* SBaseDemo.m in Sources */,
			);
			runOnlyForDeploymentPostprocessing = 0;
		};
/* End PBXSourcesBuildPhase section */

/* Begin PBXVariantGroup section */
		D13A27762887AEEF003310F9 /* Main.storyboard */ = {
			isa = PBXVariantGroup;
			children = (
				D13A27772887AEEF003310F9 /* Base */,
			);
			name = Main.storyboard;
			sourceTree = "<group>";
		};
		D13A277B2887AEF0003310F9 /* LaunchScreen.storyboard */ = {
			isa = PBXVariantGroup;
			children = (
				D13A277C2887AEF0003310F9 /* Base */,
			);
			name = LaunchScreen.storyboard;
			sourceTree = "<group>";
		};
/* End PBXVariantGroup section */

/* Begin XCBuildConfiguration section */
		D13A27812887AEF0003310F9 /* Debug */ = {
			isa = XCBuildConfiguration;
			buildSettings = {
				ALWAYS_SEARCH_USER_PATHS = NO;
				CLANG_ANALYZER_NONNULL = YES;
				CLANG_ANALYZER_NUMBER_OBJECT_CONVERSION = YES_AGGRESSIVE;
				CLANG_CXX_LANGUAGE_STANDARD = "gnu++17";
				CLANG_ENABLE_MODULES = YES;
				CLANG_ENABLE_OBJC_ARC = YES;
				CLANG_ENABLE_OBJC_WEAK = YES;
				CLANG_WARN_BLOCK_CAPTURE_AUTORELEASING = YES;
				CLANG_WARN_BOOL_CONVERSION = YES;
				CLANG_WARN_COMMA = YES;
				CLANG_WARN_CONSTANT_CONVERSION = YES;
				CLANG_WARN_DEPRECATED_OBJC_IMPLEMENTATIONS = YES;
				CLANG_WARN_DIRECT_OBJC_ISA_USAGE = YES_ERROR;
				CLANG_WARN_DOCUMENTATION_COMMENTS = YES;
				CLANG_WARN_EMPTY_BODY = YES;
				CLANG_WARN_ENUM_CONVERSION = YES;
				CLANG_WARN_INFINITE_RECURSION = YES;
				CLANG_WARN_INT_CONVERSION = YES;
				CLANG_WARN_NON_LITERAL_NULL_CONVERSION = YES;
				CLANG_WARN_OBJC_IMPLICIT_RETAIN_SELF = YES;
				CLANG_WARN_OBJC_LITERAL_CONVERSION = YES;
				CLANG_WARN_OBJC_ROOT_CLASS = YES_ERROR;
				CLANG_WARN_QUOTED_INCLUDE_IN_FRAMEWORK_HEADER = YES;
				CLANG_WARN_RANGE_LOOP_ANALYSIS = YES;
				CLANG_WARN_STRICT_PROTOTYPES = YES;
				CLANG_WARN_SUSPICIOUS_MOVE = YES;
				CLANG_WARN_UNGUARDED_AVAILABILITY = YES_AGGRESSIVE;
				CLANG_WARN_UNREACHABLE_CODE = YES;
				CLANG_WARN__DUPLICATE_METHOD_MATCH = YES;
				COPY_PHASE_STRIP = NO;
				DEBUG_INFORMATION_FORMAT = dwarf;
				ENABLE_STRICT_OBJC_MSGSEND = YES;
				ENABLE_TESTABILITY = YES;
				GCC_C_LANGUAGE_STANDARD = gnu11;
				GCC_DYNAMIC_NO_PIC = NO;
				GCC_NO_COMMON_BLOCKS = YES;
				GCC_OPTIMIZATION_LEVEL = 0;
				GCC_PREPROCESSOR_DEFINITIONS = (
					"DEBUG=1",
					"$(inherited)",
				);
				GCC_WARN_64_TO_32_BIT_CONVERSION = YES;
				GCC_WARN_ABOUT_RETURN_TYPE = YES_ERROR;
				GCC_WARN_UNDECLARED_SELECTOR = YES;
				GCC_WARN_UNINITIALIZED_AUTOS = YES_AGGRESSIVE;
				GCC_WARN_UNUSED_FUNCTION = YES;
				GCC_WARN_UNUSED_VARIABLE = YES;
				IPHONEOS_DEPLOYMENT_TARGET = 15.4;
				MTL_ENABLE_DEBUG_INFO = INCLUDE_SOURCE;
				MTL_FAST_MATH = YES;
				ONLY_ACTIVE_ARCH = YES;
				SDKROOT = iphoneos;
			};
			name = Debug;
		};
		D13A27822887AEF0003310F9 /* Release */ = {
			isa = XCBuildConfiguration;
			buildSettings = {
				ALWAYS_SEARCH_USER_PATHS = NO;
				CLANG_ANALYZER_NONNULL = YES;
				CLANG_ANALYZER_NUMBER_OBJECT_CONVERSION = YES_AGGRESSIVE;
				CLANG_CXX_LANGUAGE_STANDARD = "gnu++17";
				CLANG_ENABLE_MODULES = YES;
				CLANG_ENABLE_OBJC_ARC = YES;
				CLANG_ENABLE_OBJC_WEAK = YES;
				CLANG_WARN_BLOCK_CAPTURE_AUTORELEASING = YES;
				CLANG_WARN_BOOL_CONVERSION = YES;
				CLANG_WARN_COMMA = YES;
				CLANG_WARN_CONSTANT_CONVERSION = YES;
				CLANG_WARN_DEPRECATED_OBJC_IMPLEMENTATIONS = YES;
				CLANG_WARN_DIRECT_OBJC_ISA_USAGE = YES_ERROR;
				CLANG_WARN_DOCUMENTATION_COMMENTS = YES;
				CLANG_WARN_EMPTY_BODY = YES;
				CLANG_WARN_ENUM_CONVERSION = YES;
				CLANG_WARN_INFINITE_RECURSION = YES;
				CLANG_WARN_INT_CONVERSION = YES;
				CLANG_WARN_NON_LITERAL_NULL_CONVERSION = YES;
				CLANG_WARN_OBJC_IMPLICIT_RETAIN_SELF = YES;
				CLANG_WARN_OBJC_LITERAL_CONVERSION = YES;
				CLANG_WARN_OBJC_ROOT_CLASS = YES_ERROR;
				CLANG_WARN_QUOTED_INCLUDE_IN_FRAMEWORK_HEADER = YES;
				CLANG_WARN_RANGE_LOOP_ANALYSIS = YES;
				CLANG_WARN_STRICT_PROTOTYPES = YES;
				CLANG_WARN_SUSPICIOUS_MOVE = YES;
				CLANG_WARN_UNGUARDED_AVAILABILITY = YES_AGGRESSIVE;
				CLANG_WARN_UNREACHABLE_CODE = YES;
				CLANG_WARN__DUPLICATE_METHOD_MATCH = YES;
				COPY_PHASE_STRIP = NO;
				DEBUG_INFORMATION_FORMAT = "dwarf-with-dsym";
				ENABLE_NS_ASSERTIONS = NO;
				ENABLE_STRICT_OBJC_MSGSEND = YES;
				GCC_C_LANGUAGE_STANDARD = gnu11;
				GCC_NO_COMMON_BLOCKS = YES;
				GCC_WARN_64_TO_32_BIT_CONVERSION = YES;
				GCC_WARN_ABOUT_RETURN_TYPE = YES_ERROR;
				GCC_WARN_UNDECLARED_SELECTOR = YES;
				GCC_WARN_UNINITIALIZED_AUTOS = YES_AGGRESSIVE;
				GCC_WARN_UNUSED_FUNCTION = YES;
				GCC_WARN_UNUSED_VARIABLE = YES;
				IPHONEOS_DEPLOYMENT_TARGET = 15.4;
				MTL_ENABLE_DEBUG_INFO = NO;
				MTL_FAST_MATH = YES;
				SDKROOT = iphoneos;
				VALIDATE_PRODUCT = YES;
			};
			name = Release;
		};
		D13A27842887AEF0003310F9 /* Debug */ = {
			isa = XCBuildConfiguration;
			buildSettings = {
				ASSETCATALOG_COMPILER_APPICON_NAME = AppIcon;
				ASSETCATALOG_COMPILER_GLOBAL_ACCENT_COLOR_NAME = AccentColor;
				CODE_SIGN_STYLE = Automatic;
				CURRENT_PROJECT_VERSION = 1;
				DEVELOPMENT_TEAM = A5JCEG67BA;
				GENERATE_INFOPLIST_FILE = YES;
				INFOPLIST_FILE = GCD/Info.plist;
				INFOPLIST_KEY_UIApplicationSupportsIndirectInputEvents = YES;
				INFOPLIST_KEY_UILaunchStoryboardName = LaunchScreen;
				INFOPLIST_KEY_UIMainStoryboardFile = Main;
				INFOPLIST_KEY_UISupportedInterfaceOrientations_iPad = "UIInterfaceOrientationPortrait UIInterfaceOrientationPortraitUpsideDown UIInterfaceOrientationLandscapeLeft UIInterfaceOrientationLandscapeRight";
				INFOPLIST_KEY_UISupportedInterfaceOrientations_iPhone = "UIInterfaceOrientationPortrait UIInterfaceOrientationLandscapeLeft UIInterfaceOrientationLandscapeRight";
				LD_RUNPATH_SEARCH_PATHS = (
					"$(inherited)",
					"@executable_path/Frameworks",
				);
				MARKETING_VERSION = 1.0;
				PRODUCT_BUNDLE_IDENTIFIER = com.lfs.GCD;
				PRODUCT_NAME = "$(TARGET_NAME)";
				SWIFT_EMIT_LOC_STRINGS = YES;
				TARGETED_DEVICE_FAMILY = "1,2";
			};
			name = Debug;
		};
		D13A27852887AEF0003310F9 /* Release */ = {
			isa = XCBuildConfiguration;
			buildSettings = {
				ASSETCATALOG_COMPILER_APPICON_NAME = AppIcon;
				ASSETCATALOG_COMPILER_GLOBAL_ACCENT_COLOR_NAME = AccentColor;
				CODE_SIGN_STYLE = Automatic;
				CURRENT_PROJECT_VERSION = 1;
				DEVELOPMENT_TEAM = A5JCEG67BA;
				GENERATE_INFOPLIST_FILE = YES;
				INFOPLIST_FILE = GCD/Info.plist;
				INFOPLIST_KEY_UIApplicationSupportsIndirectInputEvents = YES;
				INFOPLIST_KEY_UILaunchStoryboardName = LaunchScreen;
				INFOPLIST_KEY_UIMainStoryboardFile = Main;
				INFOPLIST_KEY_UISupportedInterfaceOrientations_iPad = "UIInterfaceOrientationPortrait UIInterfaceOrientationPortraitUpsideDown UIInterfaceOrientationLandscapeLeft UIInterfaceOrientationLandscapeRight";
				INFOPLIST_KEY_UISupportedInterfaceOrientations_iPhone = "UIInterfaceOrientationPortrait UIInterfaceOrientationLandscapeLeft UIInterfaceOrientationLandscapeRight";
				LD_RUNPATH_SEARCH_PATHS = (
					"$(inherited)",
					"@executable_path/Frameworks",
				);
				MARKETING_VERSION = 1.0;
				PRODUCT_BUNDLE_IDENTIFIER = com.lfs.GCD;
				PRODUCT_NAME = "$(TARGET_NAME)";
				SWIFT_EMIT_LOC_STRINGS = YES;
				TARGETED_DEVICE_FAMILY = "1,2";
			};
			name = Release;
		};
/* End XCBuildConfiguration section */

/* Begin XCConfigurationList section */
		D13A27652887AEEF003310F9 /* Build configuration list for PBXProject "GCD" */ = {
			isa = XCConfigurationList;
			buildConfigurations = (
				D13A27812887AEF0003310F9 /* Debug */,
				D13A27822887AEF0003310F9 /* Release */,
			);
			defaultConfigurationIsVisible = 0;
			defaultConfigurationName = Release;
		};
		D13A27832887AEF0003310F9 /* Build configuration list for PBXNativeTarget "GCD" */ = {
			isa = XCConfigurationList;
			buildConfigurations = (
				D13A27842887AEF0003310F9 /* Debug */,
				D13A27852887AEF0003310F9 /* Release */,
			);
			defaultConfigurationIsVisible = 0;
			defaultConfigurationName = Release;
		};
/* End XCConfigurationList section */
	};
	rootObject = D13A27622887AEEF003310F9 /* Project object */;
}
