// !$*UTF8*$!
{
	archiveVersion = 1;
	classes = {
	};
	objectVersion = 55;
	objects = {

/* Begin PBXBuildFile section */
		D1DBB7C6286EC4AF00D82675 /* main.m in Sources */ = {isa = PBXBuildFile; fileRef = D1DBB7C5286EC4AF00D82675 /* main.m */; };
		D1DBB7D4286EC52800D82675 /* Person.m in Sources */ = {isa = PBXBuildFile; fileRef = D1DBB7D3286EC52800D82675 /* Person.m */; };
		D1DBB7D7286EC53800D82675 /* Person+Eat.m in Sources */ = {isa = PBXBuildFile; fileRef = D1DBB7D6286EC53800D82675 /* Person+Eat.m */; };
		D1DBB7DA286EC53D00D82675 /* Person+Run.m in Sources */ = {isa = PBXBuildFile; fileRef = D1DBB7D9286EC53D00D82675 /* Person+Run.m */; };
/* End PBXBuildFile section */

/* Begin PBXCopyFilesBuildPhase section */
		D1DBB7C0286EC4AF00D82675 /* CopyFiles */ = {
			isa = PBXCopyFilesBuildPhase;
			buildActionMask = 2147483647;
			dstPath = /usr/share/man/man1/;
			dstSubfolderSpec = 0;
			files = (
			);
			runOnlyForDeploymentPostprocessing = 1;
		};
/* End PBXCopyFilesBuildPhase section */

/* Begin PBXFileReference section */
		D1DBB7C2286EC4AF00D82675 /* Category */ = {isa = PBXFileReference; explicitFileType = "compiled.mach-o.executable"; includeInIndex = 0; path = Category; sourceTree = BUILT_PRODUCTS_DIR; };
		D1DBB7C5286EC4AF00D82675 /* main.m */ = {isa = PBXFileReference; lastKnownFileType = sourcecode.c.objc; path = main.m; sourceTree = "<group>"; };
		D1DBB7D2286EC52800D82675 /* Person.h */ = {isa = PBXFileReference; lastKnownFileType = sourcecode.c.h; path = Person.h; sourceTree = "<group>"; };
		D1DBB7D3286EC52800D82675 /* Person.m */ = {isa = PBXFileReference; lastKnownFileType = sourcecode.c.objc; path = Person.m; sourceTree = "<group>"; };
		D1DBB7D5286EC53800D82675 /* Person+Eat.h */ = {isa = PBXFileReference; lastKnownFileType = sourcecode.c.h; path = "Person+Eat.h"; sourceTree = "<group>"; };
		D1DBB7D6286EC53800D82675 /* Person+Eat.m */ = {isa = PBXFileReference; lastKnownFileType = sourcecode.c.objc; path = "Person+Eat.m"; sourceTree = "<group>"; };
		D1DBB7D8286EC53D00D82675 /* Person+Run.h */ = {isa = PBXFileReference; lastKnownFileType = sourcecode.c.h; path = "Person+Run.h"; sourceTree = "<group>"; };
		D1DBB7D9286EC53D00D82675 /* Person+Run.m */ = {isa = PBXFileReference; lastKnownFileType = sourcecode.c.objc; path = "Person+Run.m"; sourceTree = "<group>"; };
/* End PBXFileReference section */

/* Begin PBXFrameworksBuildPhase section */
		D1DBB7BF286EC4AF00D82675 /* Frameworks */ = {
			isa = PBXFrameworksBuildPhase;
			buildActionMask = 2147483647;
			files = (
			);
			runOnlyForDeploymentPostprocessing = 0;
		};
/* End PBXFrameworksBuildPhase section */

/* Begin PBXGroup section */
		D1DBB7B9286EC4AF00D82675 = {
			isa = PBXGroup;
			children = (
				D1DBB7C4286EC4AF00D82675 /* Category */,
				D1DBB7C3286EC4AF00D82675 /* Products */,
			);
			sourceTree = "<group>";
		};
		D1DBB7C3286EC4AF00D82675 /* Products */ = {
			isa = PBXGroup;
			children = (
				D1DBB7C2286EC4AF00D82675 /* Category */,
			);
			name = Products;
			sourceTree = "<group>";
		};
		D1DBB7C4286EC4AF00D82675 /* Category */ = {
			isa = PBXGroup;
			children = (
				D1DBB7C5286EC4AF00D82675 /* main.m */,
				D1DBB7D2286EC52800D82675 /* Person.h */,
				D1DBB7D3286EC52800D82675 /* Person.m */,
				D1DBB7D5286EC53800D82675 /* Person+Eat.h */,
				D1DBB7D6286EC53800D82675 /* Person+Eat.m */,
				D1DBB7D8286EC53D00D82675 /* Person+Run.h */,
				D1DBB7D9286EC53D00D82675 /* Person+Run.m */,
			);
			path = Category;
			sourceTree = "<group>";
		};
/* End PBXGroup section */

/* Begin PBXNativeTarget section */
		D1DBB7C1286EC4AF00D82675 /* Category */ = {
			isa = PBXNativeTarget;
			buildConfigurationList = D1DBB7C9286EC4AF00D82675 /* Build configuration list for PBXNativeTarget "Category" */;
			buildPhases = (
				D1DBB7BE286EC4AF00D82675 /* Sources */,
				D1DBB7BF286EC4AF00D82675 /* Frameworks */,
				D1DBB7C0286EC4AF00D82675 /* CopyFiles */,
			);
			buildRules = (
			);
			dependencies = (
			);
			name = Category;
			productName = Category;
			productReference = D1DBB7C2286EC4AF00D82675 /* Category */;
			productType = "com.apple.product-type.tool";
		};
/* End PBXNativeTarget section */

/* Begin PBXProject section */
		D1DBB7BA286EC4AF00D82675 /* Project object */ = {
			isa = PBXProject;
			attributes = {
				BuildIndependentTargetsInParallel = 1;
				LastUpgradeCheck = 1330;
				TargetAttributes = {
					D1DBB7C1286EC4AF00D82675 = {
						CreatedOnToolsVersion = 13.3;
					};
				};
			};
			buildConfigurationList = D1DBB7BD286EC4AF00D82675 /* Build configuration list for PBXProject "Category" */;
			compatibilityVersion = "Xcode 13.0";
			developmentRegion = en;
			hasScannedForEncodings = 0;
			knownRegions = (
				en,
				Base,
			);
			mainGroup = D1DBB7B9286EC4AF00D82675;
			productRefGroup = D1DBB7C3286EC4AF00D82675 /* Products */;
			projectDirPath = "";
			projectRoot = "";
			targets = (
				D1DBB7C1286EC4AF00D82675 /* Category */,
			);
		};
/* End PBXProject section */

/* Begin PBXSourcesBuildPhase section */
		D1DBB7BE286EC4AF00D82675 /* Sources */ = {
			isa = PBXSourcesBuildPhase;
			buildActionMask = 2147483647;
			files = (
				D1DBB7D4286EC52800D82675 /* Person.m in Sources */,
				D1DBB7C6286EC4AF00D82675 /* main.m in Sources */,
				D1DBB7DA286EC53D00D82675 /* Person+Run.m in Sources */,
				D1DBB7D7286EC53800D82675 /* Person+Eat.m in Sources */,
			);
			runOnlyForDeploymentPostprocessing = 0;
		};
/* End PBXSourcesBuildPhase section */

/* Begin XCBuildConfiguration section */
		D1DBB7C7286EC4AF00D82675 /* Debug */ = {
			isa = XCBuildConfiguration;
			buildSettings = {
				ALWAYS_SEARCH_USER_PATHS = NO;
				CLANG_ANALYZER_NONNULL = YES;
				CLANG_ANALYZER_NUMBER_OBJECT_CONVERSION = YES_AGGRESSIVE;
				CLANG_CXX_LANGUAGE_STANDARD = "gnu++17";
				CLANG_ENABLE_MODULES = YES;
				CLANG_ENABLE_OBJC_ARC = YES;
				CLANG_ENABLE_OBJC_WEAK = YES;
				CLANG_WARN_BLOCK_CAPTURE_AUTORELEASING = YES;
				CLANG_WARN_BOOL_CONVERSION = YES;
				CLANG_WARN_COMMA = YES;
				CLANG_WARN_CONSTANT_CONVERSION = YES;
				CLANG_WARN_DEPRECATED_OBJC_IMPLEMENTATIONS = YES;
				CLANG_WARN_DIRECT_OBJC_ISA_USAGE = YES_ERROR;
				CLANG_WARN_DOCUMENTATION_COMMENTS = YES;
				CLANG_WARN_EMPTY_BODY = YES;
				CLANG_WARN_ENUM_CONVERSION = YES;
				CLANG_WARN_INFINITE_RECURSION = YES;
				CLANG_WARN_INT_CONVERSION = YES;
				CLANG_WARN_NON_LITERAL_NULL_CONVERSION = YES;
				CLANG_WARN_OBJC_IMPLICIT_RETAIN_SELF = YES;
				CLANG_WARN_OBJC_LITERAL_CONVERSION = YES;
				CLANG_WARN_OBJC_ROOT_CLASS = YES_ERROR;
				CLANG_WARN_QUOTED_INCLUDE_IN_FRAMEWORK_HEADER = YES;
				CLANG_WARN_RANGE_LOOP_ANALYSIS = YES;
				CLANG_WARN_STRICT_PROTOTYPES = YES;
				CLANG_WARN_SUSPICIOUS_MOVE = YES;
				CLANG_WARN_UNGUARDED_AVAILABILITY = YES_AGGRESSIVE;
				CLANG_WARN_UNREACHABLE_CODE = YES;
				CLANG_WARN__DUPLICATE_METHOD_MATCH = YES;
				COPY_PHASE_STRIP = NO;
				DEBUG_INFORMATION_FORMAT = dwarf;
				ENABLE_STRICT_OBJC_MSGSEND = YES;
				ENABLE_TESTABILITY = YES;
				GCC_C_LANGUAGE_STANDARD = gnu11;
				GCC_DYNAMIC_NO_PIC = NO;
				GCC_NO_COMMON_BLOCKS = YES;
				GCC_OPTIMIZATION_LEVEL = 0;
				GCC_PREPROCESSOR_DEFINITIONS = (
					"DEBUG=1",
					"$(inherited)",
				);
				GCC_WARN_64_TO_32_BIT_CONVERSION = YES;
				GCC_WARN_ABOUT_RETURN_TYPE = YES_ERROR;
				GCC_WARN_UNDECLARED_SELECTOR = YES;
				GCC_WARN_UNINITIALIZED_AUTOS = YES_AGGRESSIVE;
				GCC_WARN_UNUSED_FUNCTION = YES;
				GCC_WARN_UNUSED_VARIABLE = YES;
				MACOSX_DEPLOYMENT_TARGET = 12.3;
				MTL_ENABLE_DEBUG_INFO = INCLUDE_SOURCE;
				MTL_FAST_MATH = YES;
				ONLY_ACTIVE_ARCH = YES;
				SDKROOT = macosx;
			};
			name = Debug;
		};
		D1DBB7C8286EC4AF00D82675 /* Release */ = {
			isa = XCBuildConfiguration;
			buildSettings = {
				ALWAYS_SEARCH_USER_PATHS = NO;
				CLANG_ANALYZER_NONNULL = YES;
				CLANG_ANALYZER_NUMBER_OBJECT_CONVERSION = YES_AGGRESSIVE;
				CLANG_CXX_LANGUAGE_STANDARD = "gnu++17";
				CLANG_ENABLE_MODULES = YES;
				CLANG_ENABLE_OBJC_ARC = YES;
				CLANG_ENABLE_OBJC_WEAK = YES;
				CLANG_WARN_BLOCK_CAPTURE_AUTORELEASING = YES;
				CLANG_WARN_BOOL_CONVERSION = YES;
				CLANG_WARN_COMMA = YES;
				CLANG_WARN_CONSTANT_CONVERSION = YES;
				CLANG_WARN_DEPRECATED_OBJC_IMPLEMENTATIONS = YES;
				CLANG_WARN_DIRECT_OBJC_ISA_USAGE = YES_ERROR;
				CLANG_WARN_DOCUMENTATION_COMMENTS = YES;
				CLANG_WARN_EMPTY_BODY = YES;
				CLANG_WARN_ENUM_CONVERSION = YES;
				CLANG_WARN_INFINITE_RECURSION = YES;
				CLANG_WARN_INT_CONVERSION = YES;
				CLANG_WARN_NON_LITERAL_NULL_CONVERSION = YES;
				CLANG_WARN_OBJC_IMPLICIT_RETAIN_SELF = YES;
				CLANG_WARN_OBJC_LITERAL_CONVERSION = YES;
				CLANG_WARN_OBJC_ROOT_CLASS = YES_ERROR;
				CLANG_WARN_QUOTED_INCLUDE_IN_FRAMEWORK_HEADER = YES;
				CLANG_WARN_RANGE_LOOP_ANALYSIS = YES;
				CLANG_WARN_STRICT_PROTOTYPES = YES;
				CLANG_WARN_SUSPICIOUS_MOVE = YES;
				CLANG_WARN_UNGUARDED_AVAILABILITY = YES_AGGRESSIVE;
				CLANG_WARN_UNREACHABLE_CODE = YES;
				CLANG_WARN__DUPLICATE_METHOD_MATCH = YES;
				COPY_PHASE_STRIP = NO;
				DEBUG_INFORMATION_FORMAT = "dwarf-with-dsym";
				ENABLE_NS_ASSERTIONS = NO;
				ENABLE_STRICT_OBJC_MSGSEND = YES;
				GCC_C_LANGUAGE_STANDARD = gnu11;
				GCC_NO_COMMON_BLOCKS = YES;
				GCC_WARN_64_TO_32_BIT_CONVERSION = YES;
				GCC_WARN_ABOUT_RETURN_TYPE = YES_ERROR;
				GCC_WARN_UNDECLARED_SELECTOR = YES;
				GCC_WARN_UNINITIALIZED_AUTOS = YES_AGGRESSIVE;
				GCC_WARN_UNUSED_FUNCTION = YES;
				GCC_WARN_UNUSED_VARIABLE = YES;
				MACOSX_DEPLOYMENT_TARGET = 12.3;
				MTL_ENABLE_DEBUG_INFO = NO;
				MTL_FAST_MATH = YES;
				SDKROOT = macosx;
			};
			name = Release;
		};
		D1DBB7CA286EC4AF00D82675 /* Debug */ = {
			isa = XCBuildConfiguration;
			buildSettings = {
				CODE_SIGN_STYLE = Automatic;
				PRODUCT_NAME = "$(TARGET_NAME)";
			};
			name = Debug;
		};
		D1DBB7CB286EC4AF00D82675 /* Release */ = {
			isa = XCBuildConfiguration;
			buildSettings = {
				CODE_SIGN_STYLE = Automatic;
				PRODUCT_NAME = "$(TARGET_NAME)";
			};
			name = Release;
		};
/* End XCBuildConfiguration section */

/* Begin XCConfigurationList section */
		D1DBB7BD286EC4AF00D82675 /* Build configuration list for PBXProject "Category" */ = {
			isa = XCConfigurationList;
			buildConfigurations = (
				D1DBB7C7286EC4AF00D82675 /* Debug */,
				D1DBB7C8286EC4AF00D82675 /* Release */,
			);
			defaultConfigurationIsVisible = 0;
			defaultConfigurationName = Release;
		};
		D1DBB7C9286EC4AF00D82675 /* Build configuration list for PBXNativeTarget "Category" */ = {
			isa = XCConfigurationList;
			buildConfigurations = (
				D1DBB7CA286EC4AF00D82675 /* Debug */,
				D1DBB7CB286EC4AF00D82675 /* Release */,
			);
			defaultConfigurationIsVisible = 0;
			defaultConfigurationName = Release;
		};
/* End XCConfigurationList section */
	};
	rootObject = D1DBB7BA286EC4AF00D82675 /* Project object */;
}
