// !$*UTF8*$!
{
	archiveVersion = 1;
	classes = {
	};
	objectVersion = 55;
	objects = {

/* Begin PBXBuildFile section */
		D154C7C7288A4BDB00F3C9A6 /* GCDTimer.m in Sources */ = {isa = PBXBuildFile; fileRef = D154C7C6288A4BDB00F3C9A6 /* GCDTimer.m */; };
		D154C7CA288A76A300F3C9A6 /* GCDTimerViewController.m in Sources */ = {isa = PBXBuildFile; fileRef = D154C7C9288A76A300F3C9A6 /* GCDTimerViewController.m */; };
		D1AE04CD2889446200624896 /* AppDelegate.m in Sources */ = {isa = PBXBuildFile; fileRef = D1AE04CC2889446200624896 /* AppDelegate.m */; };
		D1AE04D02889446200624896 /* SceneDelegate.m in Sources */ = {isa = PBXBuildFile; fileRef = D1AE04CF2889446200624896 /* SceneDelegate.m */; };
		D1AE04D32889446200624896 /* ViewController.m in Sources */ = {isa = PBXBuildFile; fileRef = D1AE04D22889446200624896 /* ViewController.m */; };
		D1AE04D62889446200624896 /* Main.storyboard in Resources */ = {isa = PBXBuildFile; fileRef = D1AE04D42889446200624896 /* Main.storyboard */; };
		D1AE04D82889446300624896 /* Assets.xcassets in Resources */ = {isa = PBXBuildFile; fileRef = D1AE04D72889446300624896 /* Assets.xcassets */; };
		D1AE04DB2889446300624896 /* LaunchScreen.storyboard in Resources */ = {isa = PBXBuildFile; fileRef = D1AE04D92889446300624896 /* LaunchScreen.storyboard */; };
		D1AE04DE2889446300624896 /* main.m in Sources */ = {isa = PBXBuildFile; fileRef = D1AE04DD2889446300624896 /* main.m */; };
		D1AE04E62889460500624896 /* TimeViewController.m in Sources */ = {isa = PBXBuildFile; fileRef = D1AE04E52889460500624896 /* TimeViewController.m */; };
		D1AE04E9288948FD00624896 /* TimerProxy.m in Sources */ = {isa = PBXBuildFile; fileRef = D1AE04E8288948FD00624896 /* TimerProxy.m */; };
		D1AE04EC28894BF300624896 /* TimerPersent.m in Sources */ = {isa = PBXBuildFile; fileRef = D1AE04EB28894BF300624896 /* TimerPersent.m */; };
/* End PBXBuildFile section */

/* Begin PBXFileReference section */
		D154C7C5288A4BDB00F3C9A6 /* GCDTimer.h */ = {isa = PBXFileReference; fileEncoding = 4; lastKnownFileType = sourcecode.c.h; name = GCDTimer.h; path = ../../GCD/GCD/GCDTimer.h; sourceTree = "<group>"; };
		D154C7C6288A4BDB00F3C9A6 /* GCDTimer.m */ = {isa = PBXFileReference; fileEncoding = 4; lastKnownFileType = sourcecode.c.objc; name = GCDTimer.m; path = ../../GCD/GCD/GCDTimer.m; sourceTree = "<group>"; };
		D154C7C8288A76A300F3C9A6 /* GCDTimerViewController.h */ = {isa = PBXFileReference; lastKnownFileType = sourcecode.c.h; path = GCDTimerViewController.h; sourceTree = "<group>"; };
		D154C7C9288A76A300F3C9A6 /* GCDTimerViewController.m */ = {isa = PBXFileReference; lastKnownFileType = sourcecode.c.objc; path = GCDTimerViewController.m; sourceTree = "<group>"; };
		D1AE04C82889446200624896 /* 内存管理.app */ = {isa = PBXFileReference; explicitFileType = wrapper.application; includeInIndex = 0; path = "内存管理.app"; sourceTree = BUILT_PRODUCTS_DIR; };
		D1AE04CB2889446200624896 /* AppDelegate.h */ = {isa = PBXFileReference; lastKnownFileType = sourcecode.c.h; path = AppDelegate.h; sourceTree = "<group>"; };
		D1AE04CC2889446200624896 /* AppDelegate.m */ = {isa = PBXFileReference; lastKnownFileType = sourcecode.c.objc; path = AppDelegate.m; sourceTree = "<group>"; };
		D1AE04CE2889446200624896 /* SceneDelegate.h */ = {isa = PBXFileReference; lastKnownFileType = sourcecode.c.h; path = SceneDelegate.h; sourceTree = "<group>"; };
		D1AE04CF2889446200624896 /* SceneDelegate.m */ = {isa = PBXFileReference; lastKnownFileType = sourcecode.c.objc; path = SceneDelegate.m; sourceTree = "<group>"; };
		D1AE04D12889446200624896 /* ViewController.h */ = {isa = PBXFileReference; lastKnownFileType = sourcecode.c.h; path = ViewController.h; sourceTree = "<group>"; };
		D1AE04D22889446200624896 /* ViewController.m */ = {isa = PBXFileReference; lastKnownFileType = sourcecode.c.objc; path = ViewController.m; sourceTree = "<group>"; };
		D1AE04D52889446200624896 /* Base */ = {isa = PBXFileReference; lastKnownFileType = file.storyboard; name = Base; path = Base.lproj/Main.storyboard; sourceTree = "<group>"; };
		D1AE04D72889446300624896 /* Assets.xcassets */ = {isa = PBXFileReference; lastKnownFileType = folder.assetcatalog; path = Assets.xcassets; sourceTree = "<group>"; };
		D1AE04DA2889446300624896 /* Base */ = {isa = PBXFileReference; lastKnownFileType = file.storyboard; name = Base; path = Base.lproj/LaunchScreen.storyboard; sourceTree = "<group>"; };
		D1AE04DC2889446300624896 /* Info.plist */ = {isa = PBXFileReference; lastKnownFileType = text.plist.xml; path = Info.plist; sourceTree = "<group>"; };
		D1AE04DD2889446300624896 /* main.m */ = {isa = PBXFileReference; lastKnownFileType = sourcecode.c.objc; path = main.m; sourceTree = "<group>"; };
		D1AE04E42889460500624896 /* TimeViewController.h */ = {isa = PBXFileReference; lastKnownFileType = sourcecode.c.h; path = TimeViewController.h; sourceTree = "<group>"; };
		D1AE04E52889460500624896 /* TimeViewController.m */ = {isa = PBXFileReference; lastKnownFileType = sourcecode.c.objc; path = TimeViewController.m; sourceTree = "<group>"; };
		D1AE04E7288948FD00624896 /* TimerProxy.h */ = {isa = PBXFileReference; lastKnownFileType = sourcecode.c.h; path = TimerProxy.h; sourceTree = "<group>"; };
		D1AE04E8288948FD00624896 /* TimerProxy.m */ = {isa = PBXFileReference; lastKnownFileType = sourcecode.c.objc; path = TimerProxy.m; sourceTree = "<group>"; };
		D1AE04EA28894BF300624896 /* TimerPersent.h */ = {isa = PBXFileReference; fileEncoding = 4; lastKnownFileType = sourcecode.c.h; path = TimerPersent.h; sourceTree = "<group>"; };
		D1AE04EB28894BF300624896 /* TimerPersent.m */ = {isa = PBXFileReference; fileEncoding = 4; lastKnownFileType = sourcecode.c.objc; path = TimerPersent.m; sourceTree = "<group>"; };
/* End PBXFileReference section */

/* Begin PBXFrameworksBuildPhase section */
		D1AE04C52889446200624896 /* Frameworks */ = {
			isa = PBXFrameworksBuildPhase;
			buildActionMask = 2147483647;
			files = (
			);
			runOnlyForDeploymentPostprocessing = 0;
		};
/* End PBXFrameworksBuildPhase section */

/* Begin PBXGroup section */
		D1AE04BF2889446200624896 = {
			isa = PBXGroup;
			children = (
				D1AE04CA2889446200624896 /* 内存管理 */,
				D1AE04C92889446200624896 /* Products */,
			);
			sourceTree = "<group>";
		};
		D1AE04C92889446200624896 /* Products */ = {
			isa = PBXGroup;
			children = (
				D1AE04C82889446200624896 /* 内存管理.app */,
			);
			name = Products;
			sourceTree = "<group>";
		};
		D1AE04CA2889446200624896 /* 内存管理 */ = {
			isa = PBXGroup;
			children = (
				D154C7C5288A4BDB00F3C9A6 /* GCDTimer.h */,
				D154C7C6288A4BDB00F3C9A6 /* GCDTimer.m */,
				D1AE04CB2889446200624896 /* AppDelegate.h */,
				D1AE04CC2889446200624896 /* AppDelegate.m */,
				D1AE04CE2889446200624896 /* SceneDelegate.h */,
				D1AE04CF2889446200624896 /* SceneDelegate.m */,
				D1AE04D12889446200624896 /* ViewController.h */,
				D1AE04D22889446200624896 /* ViewController.m */,
				D1AE04E42889460500624896 /* TimeViewController.h */,
				D1AE04E52889460500624896 /* TimeViewController.m */,
				D154C7C8288A76A300F3C9A6 /* GCDTimerViewController.h */,
				D154C7C9288A76A300F3C9A6 /* GCDTimerViewController.m */,
				D1AE04EA28894BF300624896 /* TimerPersent.h */,
				D1AE04EB28894BF300624896 /* TimerPersent.m */,
				D1AE04E7288948FD00624896 /* TimerProxy.h */,
				D1AE04E8288948FD00624896 /* TimerProxy.m */,
				D1AE04D42889446200624896 /* Main.storyboard */,
				D1AE04D72889446300624896 /* Assets.xcassets */,
				D1AE04D92889446300624896 /* LaunchScreen.storyboard */,
				D1AE04DC2889446300624896 /* Info.plist */,
				D1AE04DD2889446300624896 /* main.m */,
			);
			path = "内存管理";
			sourceTree = "<group>";
		};
/* End PBXGroup section */

/* Begin PBXNativeTarget section */
		D1AE04C72889446200624896 /* 内存管理 */ = {
			isa = PBXNativeTarget;
			buildConfigurationList = D1AE04E12889446300624896 /* Build configuration list for PBXNativeTarget "内存管理" */;
			buildPhases = (
				D1AE04C42889446200624896 /* Sources */,
				D1AE04C52889446200624896 /* Frameworks */,
				D1AE04C62889446200624896 /* Resources */,
			);
			buildRules = (
			);
			dependencies = (
			);
			name = "内存管理";
			productName = "内存管理";
			productReference = D1AE04C82889446200624896 /* 内存管理.app */;
			productType = "com.apple.product-type.application";
		};
/* End PBXNativeTarget section */

/* Begin PBXProject section */
		D1AE04C02889446200624896 /* Project object */ = {
			isa = PBXProject;
			attributes = {
				BuildIndependentTargetsInParallel = 1;
				LastUpgradeCheck = 1330;
				TargetAttributes = {
					D1AE04C72889446200624896 = {
						CreatedOnToolsVersion = 13.3;
					};
				};
			};
			buildConfigurationList = D1AE04C32889446200624896 /* Build configuration list for PBXProject "内存管理" */;
			compatibilityVersion = "Xcode 13.0";
			developmentRegion = en;
			hasScannedForEncodings = 0;
			knownRegions = (
				en,
				Base,
			);
			mainGroup = D1AE04BF2889446200624896;
			productRefGroup = D1AE04C92889446200624896 /* Products */;
			projectDirPath = "";
			projectRoot = "";
			targets = (
				D1AE04C72889446200624896 /* 内存管理 */,
			);
		};
/* End PBXProject section */

/* Begin PBXResourcesBuildPhase section */
		D1AE04C62889446200624896 /* Resources */ = {
			isa = PBXResourcesBuildPhase;
			buildActionMask = 2147483647;
			files = (
				D1AE04DB2889446300624896 /* LaunchScreen.storyboard in Resources */,
				D1AE04D82889446300624896 /* Assets.xcassets in Resources */,
				D1AE04D62889446200624896 /* Main.storyboard in Resources */,
			);
			runOnlyForDeploymentPostprocessing = 0;
		};
/* End PBXResourcesBuildPhase section */

/* Begin PBXSourcesBuildPhase section */
		D1AE04C42889446200624896 /* Sources */ = {
			isa = PBXSourcesBuildPhase;
			buildActionMask = 2147483647;
			files = (
				D1AE04E9288948FD00624896 /* TimerProxy.m in Sources */,
				D1AE04D32889446200624896 /* ViewController.m in Sources */,
				D1AE04CD2889446200624896 /* AppDelegate.m in Sources */,
				D1AE04EC28894BF300624896 /* TimerPersent.m in Sources */,
				D154C7C7288A4BDB00F3C9A6 /* GCDTimer.m in Sources */,
				D154C7CA288A76A300F3C9A6 /* GCDTimerViewController.m in Sources */,
				D1AE04DE2889446300624896 /* main.m in Sources */,
				D1AE04D02889446200624896 /* SceneDelegate.m in Sources */,
				D1AE04E62889460500624896 /* TimeViewController.m in Sources */,
			);
			runOnlyForDeploymentPostprocessing = 0;
		};
/* End PBXSourcesBuildPhase section */

/* Begin PBXVariantGroup section */
		D1AE04D42889446200624896 /* Main.storyboard */ = {
			isa = PBXVariantGroup;
			children = (
				D1AE04D52889446200624896 /* Base */,
			);
			name = Main.storyboard;
			sourceTree = "<group>";
		};
		D1AE04D92889446300624896 /* LaunchScreen.storyboard */ = {
			isa = PBXVariantGroup;
			children = (
				D1AE04DA2889446300624896 /* Base */,
			);
			name = LaunchScreen.storyboard;
			sourceTree = "<group>";
		};
/* End PBXVariantGroup section */

/* Begin XCBuildConfiguration section */
		D1AE04DF2889446300624896 /* Debug */ = {
			isa = XCBuildConfiguration;
			buildSettings = {
				ALWAYS_SEARCH_USER_PATHS = NO;
				CLANG_ANALYZER_NONNULL = YES;
				CLANG_ANALYZER_NUMBER_OBJECT_CONVERSION = YES_AGGRESSIVE;
				CLANG_CXX_LANGUAGE_STANDARD = "gnu++17";
				CLANG_ENABLE_MODULES = YES;
				CLANG_ENABLE_OBJC_ARC = YES;
				CLANG_ENABLE_OBJC_WEAK = YES;
				CLANG_WARN_BLOCK_CAPTURE_AUTORELEASING = YES;
				CLANG_WARN_BOOL_CONVERSION = YES;
				CLANG_WARN_COMMA = YES;
				CLANG_WARN_CONSTANT_CONVERSION = YES;
				CLANG_WARN_DEPRECATED_OBJC_IMPLEMENTATIONS = YES;
				CLANG_WARN_DIRECT_OBJC_ISA_USAGE = YES_ERROR;
				CLANG_WARN_DOCUMENTATION_COMMENTS = YES;
				CLANG_WARN_EMPTY_BODY = YES;
				CLANG_WARN_ENUM_CONVERSION = YES;
				CLANG_WARN_INFINITE_RECURSION = YES;
				CLANG_WARN_INT_CONVERSION = YES;
				CLANG_WARN_NON_LITERAL_NULL_CONVERSION = YES;
				CLANG_WARN_OBJC_IMPLICIT_RETAIN_SELF = YES;
				CLANG_WARN_OBJC_LITERAL_CONVERSION = YES;
				CLANG_WARN_OBJC_ROOT_CLASS = YES_ERROR;
				CLANG_WARN_QUOTED_INCLUDE_IN_FRAMEWORK_HEADER = YES;
				CLANG_WARN_RANGE_LOOP_ANALYSIS = YES;
				CLANG_WARN_STRICT_PROTOTYPES = YES;
				CLANG_WARN_SUSPICIOUS_MOVE = YES;
				CLANG_WARN_UNGUARDED_AVAILABILITY = YES_AGGRESSIVE;
				CLANG_WARN_UNREACHABLE_CODE = YES;
				CLANG_WARN__DUPLICATE_METHOD_MATCH = YES;
				COPY_PHASE_STRIP = NO;
				DEBUG_INFORMATION_FORMAT = dwarf;
				ENABLE_STRICT_OBJC_MSGSEND = YES;
				ENABLE_TESTABILITY = YES;
				GCC_C_LANGUAGE_STANDARD = gnu11;
				GCC_DYNAMIC_NO_PIC = NO;
				GCC_NO_COMMON_BLOCKS = YES;
				GCC_OPTIMIZATION_LEVEL = 0;
				GCC_PREPROCESSOR_DEFINITIONS = (
					"DEBUG=1",
					"$(inherited)",
				);
				GCC_WARN_64_TO_32_BIT_CONVERSION = YES;
				GCC_WARN_ABOUT_RETURN_TYPE = YES_ERROR;
				GCC_WARN_UNDECLARED_SELECTOR = YES;
				GCC_WARN_UNINITIALIZED_AUTOS = YES_AGGRESSIVE;
				GCC_WARN_UNUSED_FUNCTION = YES;
				GCC_WARN_UNUSED_VARIABLE = YES;
				IPHONEOS_DEPLOYMENT_TARGET = 15.4;
				MTL_ENABLE_DEBUG_INFO = INCLUDE_SOURCE;
				MTL_FAST_MATH = YES;
				ONLY_ACTIVE_ARCH = YES;
				SDKROOT = iphoneos;
			};
			name = Debug;
		};
		D1AE04E02889446300624896 /* Release */ = {
			isa = XCBuildConfiguration;
			buildSettings = {
				ALWAYS_SEARCH_USER_PATHS = NO;
				CLANG_ANALYZER_NONNULL = YES;
				CLANG_ANALYZER_NUMBER_OBJECT_CONVERSION = YES_AGGRESSIVE;
				CLANG_CXX_LANGUAGE_STANDARD = "gnu++17";
				CLANG_ENABLE_MODULES = YES;
				CLANG_ENABLE_OBJC_ARC = YES;
				CLANG_ENABLE_OBJC_WEAK = YES;
				CLANG_WARN_BLOCK_CAPTURE_AUTORELEASING = YES;
				CLANG_WARN_BOOL_CONVERSION = YES;
				CLANG_WARN_COMMA = YES;
				CLANG_WARN_CONSTANT_CONVERSION = YES;
				CLANG_WARN_DEPRECATED_OBJC_IMPLEMENTATIONS = YES;
				CLANG_WARN_DIRECT_OBJC_ISA_USAGE = YES_ERROR;
				CLANG_WARN_DOCUMENTATION_COMMENTS = YES;
				CLANG_WARN_EMPTY_BODY = YES;
				CLANG_WARN_ENUM_CONVERSION = YES;
				CLANG_WARN_INFINITE_RECURSION = YES;
				CLANG_WARN_INT_CONVERSION = YES;
				CLANG_WARN_NON_LITERAL_NULL_CONVERSION = YES;
				CLANG_WARN_OBJC_IMPLICIT_RETAIN_SELF = YES;
				CLANG_WARN_OBJC_LITERAL_CONVERSION = YES;
				CLANG_WARN_OBJC_ROOT_CLASS = YES_ERROR;
				CLANG_WARN_QUOTED_INCLUDE_IN_FRAMEWORK_HEADER = YES;
				CLANG_WARN_RANGE_LOOP_ANALYSIS = YES;
				CLANG_WARN_STRICT_PROTOTYPES = YES;
				CLANG_WARN_SUSPICIOUS_MOVE = YES;
				CLANG_WARN_UNGUARDED_AVAILABILITY = YES_AGGRESSIVE;
				CLANG_WARN_UNREACHABLE_CODE = YES;
				CLANG_WARN__DUPLICATE_METHOD_MATCH = YES;
				COPY_PHASE_STRIP = NO;
				DEBUG_INFORMATION_FORMAT = "dwarf-with-dsym";
				ENABLE_NS_ASSERTIONS = NO;
				ENABLE_STRICT_OBJC_MSGSEND = YES;
				GCC_C_LANGUAGE_STANDARD = gnu11;
				GCC_NO_COMMON_BLOCKS = YES;
				GCC_WARN_64_TO_32_BIT_CONVERSION = YES;
				GCC_WARN_ABOUT_RETURN_TYPE = YES_ERROR;
				GCC_WARN_UNDECLARED_SELECTOR = YES;
				GCC_WARN_UNINITIALIZED_AUTOS = YES_AGGRESSIVE;
				GCC_WARN_UNUSED_FUNCTION = YES;
				GCC_WARN_UNUSED_VARIABLE = YES;
				IPHONEOS_DEPLOYMENT_TARGET = 15.4;
				MTL_ENABLE_DEBUG_INFO = NO;
				MTL_FAST_MATH = YES;
				SDKROOT = iphoneos;
				VALIDATE_PRODUCT = YES;
			};
			name = Release;
		};
		D1AE04E22889446300624896 /* Debug */ = {
			isa = XCBuildConfiguration;
			buildSettings = {
				ASSETCATALOG_COMPILER_APPICON_NAME = AppIcon;
				ASSETCATALOG_COMPILER_GLOBAL_ACCENT_COLOR_NAME = AccentColor;
				CODE_SIGN_STYLE = Automatic;
				CURRENT_PROJECT_VERSION = 1;
				DEVELOPMENT_TEAM = A5JCEG67BA;
				GENERATE_INFOPLIST_FILE = YES;
				INFOPLIST_FILE = "内存管理/Info.plist";
				INFOPLIST_KEY_UIApplicationSupportsIndirectInputEvents = YES;
				INFOPLIST_KEY_UILaunchStoryboardName = LaunchScreen;
				INFOPLIST_KEY_UIMainStoryboardFile = Main;
				INFOPLIST_KEY_UISupportedInterfaceOrientations_iPad = "UIInterfaceOrientationPortrait UIInterfaceOrientationPortraitUpsideDown UIInterfaceOrientationLandscapeLeft UIInterfaceOrientationLandscapeRight";
				INFOPLIST_KEY_UISupportedInterfaceOrientations_iPhone = "UIInterfaceOrientationPortrait UIInterfaceOrientationLandscapeLeft UIInterfaceOrientationLandscapeRight";
				LD_RUNPATH_SEARCH_PATHS = (
					"$(inherited)",
					"@executable_path/Frameworks",
				);
				MARKETING_VERSION = 1.0;
				PRODUCT_BUNDLE_IDENTIFIER = "com.lfs.----";
				PRODUCT_NAME = "$(TARGET_NAME)";
				SWIFT_EMIT_LOC_STRINGS = YES;
				TARGETED_DEVICE_FAMILY = "1,2";
			};
			name = Debug;
		};
		D1AE04E32889446300624896 /* Release */ = {
			isa = XCBuildConfiguration;
			buildSettings = {
				ASSETCATALOG_COMPILER_APPICON_NAME = AppIcon;
				ASSETCATALOG_COMPILER_GLOBAL_ACCENT_COLOR_NAME = AccentColor;
				CODE_SIGN_STYLE = Automatic;
				CURRENT_PROJECT_VERSION = 1;
				DEVELOPMENT_TEAM = A5JCEG67BA;
				GENERATE_INFOPLIST_FILE = YES;
				INFOPLIST_FILE = "内存管理/Info.plist";
				INFOPLIST_KEY_UIApplicationSupportsIndirectInputEvents = YES;
				INFOPLIST_KEY_UILaunchStoryboardName = LaunchScreen;
				INFOPLIST_KEY_UIMainStoryboardFile = Main;
				INFOPLIST_KEY_UISupportedInterfaceOrientations_iPad = "UIInterfaceOrientationPortrait UIInterfaceOrientationPortraitUpsideDown UIInterfaceOrientationLandscapeLeft UIInterfaceOrientationLandscapeRight";
				INFOPLIST_KEY_UISupportedInterfaceOrientations_iPhone = "UIInterfaceOrientationPortrait UIInterfaceOrientationLandscapeLeft UIInterfaceOrientationLandscapeRight";
				LD_RUNPATH_SEARCH_PATHS = (
					"$(inherited)",
					"@executable_path/Frameworks",
				);
				MARKETING_VERSION = 1.0;
				PRODUCT_BUNDLE_IDENTIFIER = "com.lfs.----";
				PRODUCT_NAME = "$(TARGET_NAME)";
				SWIFT_EMIT_LOC_STRINGS = YES;
				TARGETED_DEVICE_FAMILY = "1,2";
			};
			name = Release;
		};
/* End XCBuildConfiguration section */

/* Begin XCConfigurationList section */
		D1AE04C32889446200624896 /* Build configuration list for PBXProject "内存管理" */ = {
			isa = XCConfigurationList;
			buildConfigurations = (
				D1AE04DF2889446300624896 /* Debug */,
				D1AE04E02889446300624896 /* Release */,
			);
			defaultConfigurationIsVisible = 0;
			defaultConfigurationName = Release;
		};
		D1AE04E12889446300624896 /* Build configuration list for PBXNativeTarget "内存管理" */ = {
			isa = XCConfigurationList;
			buildConfigurations = (
				D1AE04E22889446300624896 /* Debug */,
				D1AE04E32889446300624896 /* Release */,
			);
			defaultConfigurationIsVisible = 0;
			defaultConfigurationName = Release;
		};
/* End XCConfigurationList section */
	};
	rootObject = D1AE04C02889446200624896 /* Project object */;
}
